# This file is automatically @generated by Cargo.
# It is not intended for manual editing.
version = 4

[[package]]
name = "autocfg"
version = "1.4.0"
source = "registry+https://github.com/rust-lang/crates.io-index"
checksum = "ace50bade8e6234aa140d9a2f552bbee1db4d353f69b8217bc503490fc1a9f26"

[[package]]
name = "chrono"
version = "0.4.40"
source = "registry+https://github.com/rust-lang/crates.io-index"
checksum = "1a7964611d71df112cb1730f2ee67324fcf4d0fc6606acbbe9bfe06df124637c"
dependencies = [
 "num-traits",
]

[[package]]
name = "num-traits"
version = "0.2.19"
source = "registry+https://github.com/rust-lang/crates.io-index"
checksum = "071dfc062690e90b734c0b2273ce72ad0ffa95f0c74596bc250dcfd960262841"
dependencies = [
 "autocfg",
]

[[package]]
name = "todotxt"
version = "0.1.0"
dependencies = [
 "chrono",
 "udled",
 "udled-tokenizers",
]

[[package]]
name = "todotxt-cli"
version = "0.1.0"
dependencies = [
 "todotxt",
]

[[package]]
name = "udled"
version = "0.3.1"
source = "registry+https://github.com/rust-lang/crates.io-index"
checksum = "836b191d8346fe2a84af66ce2024bf0317ee634a71607cc5a36ae89a7e2ce828"
dependencies = [
 "unicode-segmentation",
]

[[package]]
name = "udled-tokenizers"
version = "0.2.0"
source = "registry+https://github.com/rust-lang/crates.io-index"
checksum = "a8fc7c235fd02fdd465ff40a421907d70c8c512babe87bf1fc390d50de3cb8a2"
dependencies = [
 "udled",
 "unicode-segmentation",
]

[[package]]
name = "unicode-segmentation"
version = "1.12.0"
source = "registry+https://github.com/rust-lang/crates.io-index"
checksum = "f6ccf251212114b54433ec949fd6a7841275f9ada20dddd2f29e9ceea4501493"
